
Microsoft Visual Studio Solution File, Format Version 12.00
# Visual Studio Version 17
VisualStudioVersion = 17.4.33213.308
MinimumVisualStudioVersion = 10.0.40219.1
Project("{FAE04EC0-301F-11D3-BF4B-00C04F79EFBC}") = "CadastroClientes", "CadastroClientes\CadastroClientes.csproj", "{01EA3695-A4FB-4FAD-94B3-399FFAF21BC1}"
EndProject
Global
	GlobalSection(SolutionConfigurationPlatforms) = preSolution
		Debug|Any CPU = Debug|Any CPU
		Release|Any CPU = Release|Any CPU
	EndGlobalSection
	GlobalSection(ProjectConfigurationPlatforms) = postSolution
		{01EA3695-A4FB-4FAD-94B3-399FFAF21BC1}.Debug|Any CPU.ActiveCfg = Debug|Any CPU
		{01EA3695-A4FB-4FAD-94B3-399FFAF21BC1}.Debug|Any CPU.Build.0 = Debug|Any CPU
		{01EA3695-A4FB-4FAD-94B3-399FFAF21BC1}.Release|Any CPU.ActiveCfg = Release|Any CPU
		{01EA3695-A4FB-4FAD-94B3-399FFAF21BC1}.Release|Any CPU.Build.0 = Release|Any CPU
	EndGlobalSection
	GlobalSection(SolutionProperties) = preSolution
		HideSolutionNode = FALSE
	EndGlobalSection
	GlobalSection(ExtensibilityGlobals) = postSolution
		SolutionGuid = {255528A9-8A2F-48DF-904E-472F6CCCEABB}
	EndGlobalSection
EndGlobal
